// !$*UTF8*$!
{
	archiveVersion = 1;
	classes = {
	};
	objectVersion = 46;
	objects = {

/* Begin PBXBuildFile section */
		899DDEDF19A57BE5007E8B72 /* AppDelegate.swift in Sources */ = {isa = PBXBuildFile; fileRef = 899DDEDE19A57BE5007E8B72 /* AppDelegate.swift */; };
		899DDEE119A57BE5007E8B72 /* ViewController.swift in Sources */ = {isa = PBXBuildFile; fileRef = 899DDEE019A57BE5007E8B72 /* ViewController.swift */; };
		899DDEE419A57BE5007E8B72 /* Main.storyboard in Resources */ = {isa = PBXBuildFile; fileRef = 899DDEE219A57BE5007E8B72 /* Main.storyboard */; };
		899DDEE619A57BE5007E8B72 /* Images.xcassets in Resources */ = {isa = PBXBuildFile; fileRef = 899DDEE519A57BE5007E8B72 /* Images.xcassets */; };
		899DDEF219A57BE5007E8B72 /* TipsCalcTests.swift in Sources */ = {isa = PBXBuildFile; fileRef = 899DDEF119A57BE5007E8B72 /* TipsCalcTests.swift */; };
		89CB94FB19A711510000A506 /* SettingsViewController.swift in Sources */ = {isa = PBXBuildFile; fileRef = 89CB94FA19A711510000A506 /* SettingsViewController.swift */; };
/* End PBXBuildFile section */

/* Begin PBXContainerItemProxy section */
		899DDEEC19A57BE5007E8B72 /* PBXContainerItemProxy */ = {
			isa = PBXContainerItemProxy;
			containerPortal = 899DDED119A57BE5007E8B72 /* Project object */;
			proxyType = 1;
			remoteGlobalIDString = 899DDED819A57BE5007E8B72;
			remoteInfo = TipsCalc;
		};
/* End PBXContainerItemProxy section */

/* Begin PBXFileReference section */
		899DDED919A57BE5007E8B72 /* TipsCalc.app */ = {isa = PBXFileReference; explicitFileType = wrapper.application; includeInIndex = 0; path = TipsCalc.app; sourceTree = BUILT_PRODUCTS_DIR; };
		899DDEDD19A57BE5007E8B72 /* Info.plist */ = {isa = PBXFileReference; lastKnownFileType = text.plist.xml; path = Info.plist; sourceTree = "<group>"; };
		899DDEDE19A57BE5007E8B72 /* AppDelegate.swift */ = {isa = PBXFileReference; lastKnownFileType = sourcecode.swift; path = AppDelegate.swift; sourceTree = "<group>"; };
		899DDEE019A57BE5007E8B72 /* ViewController.swift */ = {isa = PBXFileReference; lastKnownFileType = sourcecode.swift; path = ViewController.swift; sourceTree = "<group>"; };
		899DDEE319A57BE5007E8B72 /* Base */ = {isa = PBXFileReference; lastKnownFileType = file.storyboard; name = Base; path = Base.lproj/Main.storyboard; sourceTree = "<group>"; };
		899DDEE519A57BE5007E8B72 /* Images.xcassets */ = {isa = PBXFileReference; lastKnownFileType = folder.assetcatalog; path = Images.xcassets; sourceTree = "<group>"; };
		899DDEEB19A57BE5007E8B72 /* TipsCalcTests.xctest */ = {isa = PBXFileReference; explicitFileType = wrapper.cfbundle; includeInIndex = 0; path = TipsCalcTests.xctest; sourceTree = BUILT_PRODUCTS_DIR; };
		899DDEF019A57BE5007E8B72 /* Info.plist */ = {isa = PBXFileReference; lastKnownFileType = text.plist.xml; path = Info.plist; sourceTree = "<group>"; };
		899DDEF119A57BE5007E8B72 /* TipsCalcTests.swift */ = {isa = PBXFileReference; lastKnownFileType = sourcecode.swift; path = TipsCalcTests.swift; sourceTree = "<group>"; };
		89CB94FA19A711510000A506 /* SettingsViewController.swift */ = {isa = PBXFileReference; fileEncoding = 4; lastKnownFileType = sourcecode.swift; path = SettingsViewController.swift; sourceTree = "<group>"; };
/* End PBXFileReference section */

/* Begin PBXFrameworksBuildPhase section */
		899DDED619A57BE5007E8B72 /* Frameworks */ = {
			isa = PBXFrameworksBuildPhase;
			buildActionMask = 2147483647;
			files = (
			);
			runOnlyForDeploymentPostprocessing = 0;
		};
		899DDEE819A57BE5007E8B72 /* Frameworks */ = {
			isa = PBXFrameworksBuildPhase;
			buildActionMask = 2147483647;
			files = (
			);
			runOnlyForDeploymentPostprocessing = 0;
		};
/* End PBXFrameworksBuildPhase section */

/* Begin PBXGroup section */
		899DDED019A57BE5007E8B72 = {
			isa = PBXGroup;
			children = (
				899DDEDB19A57BE5007E8B72 /* TipsCalc */,
				899DDEEE19A57BE5007E8B72 /* TipsCalcTests */,
				899DDEDA19A57BE5007E8B72 /* Products */,
			);
			sourceTree = "<group>";
		};
		899DDEDA19A57BE5007E8B72 /* Products */ = {
			isa = PBXGroup;
			children = (
				899DDED919A57BE5007E8B72 /* TipsCalc.app */,
				899DDEEB19A57BE5007E8B72 /* TipsCalcTests.xctest */,
			);
			name = Products;
			sourceTree = "<group>";
		};
		899DDEDB19A57BE5007E8B72 /* TipsCalc */ = {
			isa = PBXGroup;
			children = (
				89CB94F919A70D860000A506 /* ViewControllers */,
				899DDEDE19A57BE5007E8B72 /* AppDelegate.swift */,
				899DDEE219A57BE5007E8B72 /* Main.storyboard */,
				899DDEE519A57BE5007E8B72 /* Images.xcassets */,
				899DDEDC19A57BE5007E8B72 /* Supporting Files */,
			);
			path = TipsCalc;
			sourceTree = "<group>";
		};
		899DDEDC19A57BE5007E8B72 /* Supporting Files */ = {
			isa = PBXGroup;
			children = (
				899DDEDD19A57BE5007E8B72 /* Info.plist */,
			);
			name = "Supporting Files";
			sourceTree = "<group>";
		};
		899DDEEE19A57BE5007E8B72 /* TipsCalcTests */ = {
			isa = PBXGroup;
			children = (
				899DDEF119A57BE5007E8B72 /* TipsCalcTests.swift */,
				899DDEEF19A57BE5007E8B72 /* Supporting Files */,
			);
			path = TipsCalcTests;
			sourceTree = "<group>";
		};
		899DDEEF19A57BE5007E8B72 /* Supporting Files */ = {
			isa = PBXGroup;
			children = (
				899DDEF019A57BE5007E8B72 /* Info.plist */,
			);
			name = "Supporting Files";
			sourceTree = "<group>";
		};
		89CB94F919A70D860000A506 /* ViewControllers */ = {
			isa = PBXGroup;
			children = (
				89CB94FA19A711510000A506 /* SettingsViewController.swift */,
				899DDEE019A57BE5007E8B72 /* ViewController.swift */,
			);
			name = ViewControllers;
			sourceTree = "<group>";
		};
/* End PBXGroup section */

/* Begin PBXNativeTarget section */
		899DDED819A57BE5007E8B72 /* TipsCalc */ = {
			isa = PBXNativeTarget;
			buildConfigurationList = 899DDEF519A57BE5007E8B72 /* Build configuration list for PBXNativeTarget "TipsCalc" */;
			buildPhases = (
				899DDED519A57BE5007E8B72 /* Sources */,
				899DDED619A57BE5007E8B72 /* Frameworks */,
				899DDED719A57BE5007E8B72 /* Resources */,
			);
			buildRules = (
			);
			dependencies = (
			);
			name = TipsCalc;
			productName = TipsCalc;
			productReference = 899DDED919A57BE5007E8B72 /* TipsCalc.app */;
			productType = "com.apple.product-type.application";
		};
		899DDEEA19A57BE5007E8B72 /* TipsCalcTests */ = {
			isa = PBXNativeTarget;
			buildConfigurationList = 899DDEF819A57BE5007E8B72 /* Build configuration list for PBXNativeTarget "TipsCalcTests" */;
			buildPhases = (
				899DDEE719A57BE5007E8B72 /* Sources */,
				899DDEE819A57BE5007E8B72 /* Frameworks */,
				899DDEE919A57BE5007E8B72 /* Resources */,
			);
			buildRules = (
			);
			dependencies = (
				899DDEED19A57BE5007E8B72 /* PBXTargetDependency */,
			);
			name = TipsCalcTests;
			productName = TipsCalcTests;
			productReference = 899DDEEB19A57BE5007E8B72 /* TipsCalcTests.xctest */;
			productType = "com.apple.product-type.bundle.unit-test";
		};
/* End PBXNativeTarget section */

/* Begin PBXProject section */
		899DDED119A57BE5007E8B72 /* Project object */ = {
			isa = PBXProject;
			attributes = {
				LastUpgradeCheck = 0600;
				ORGANIZATIONNAME = tianyu;
				TargetAttributes = {
					899DDED819A57BE5007E8B72 = {
						CreatedOnToolsVersion = 6.0;
					};
					899DDEEA19A57BE5007E8B72 = {
						CreatedOnToolsVersion = 6.0;
						TestTargetID = 899DDED819A57BE5007E8B72;
					};
				};
			};
			buildConfigurationList = 899DDED419A57BE5007E8B72 /* Build configuration list for PBXProject "TipsCalc" */;
			compatibilityVersion = "Xcode 3.2";
			developmentRegion = English;
			hasScannedForEncodings = 0;
			knownRegions = (
				en,
				Base,
			);
			mainGroup = 899DDED019A57BE5007E8B72;
			productRefGroup = 899DDEDA19A57BE5007E8B72 /* Products */;
			projectDirPath = "";
			projectRoot = "";
			targets = (
				899DDED819A57BE5007E8B72 /* TipsCalc */,
				899DDEEA19A57BE5007E8B72 /* TipsCalcTests */,
			);
		};
/* End PBXProject section */

/* Begin PBXResourcesBuildPhase section */
		899DDED719A57BE5007E8B72 /* Resources */ = {
			isa = PBXResourcesBuildPhase;
			buildActionMask = 2147483647;
			files = (
				899DDEE419A57BE5007E8B72 /* Main.storyboard in Resources */,
				899DDEE619A57BE5007E8B72 /* Images.xcassets in Resources */,
			);
			runOnlyForDeploymentPostprocessing = 0;
		};
		899DDEE919A57BE5007E8B72 /* Resources */ = {
			isa = PBXResourcesBuildPhase;
			buildActionMask = 2147483647;
			files = (
			);
			runOnlyForDeploymentPostprocessing = 0;
		};
/* End PBXResourcesBuildPhase section */

/* Begin PBXSourcesBuildPhase section */
		899DDED519A57BE5007E8B72 /* Sources */ = {
			isa = PBXSourcesBuildPhase;
			buildActionMask = 2147483647;
			files = (
				899DDEE119A57BE5007E8B72 /* ViewController.swift in Sources */,
				899DDEDF19A57BE5007E8B72 /* AppDelegate.swift in Sources */,
				89CB94FB19A711510000A506 /* SettingsViewController.swift in Sources */,
			);
			runOnlyForDeploymentPostprocessing = 0;
		};
		899DDEE719A57BE5007E8B72 /* Sources */ = {
			isa = PBXSourcesBuildPhase;
			buildActionMask = 2147483647;
			files = (
				899DDEF219A57BE5007E8B72 /* TipsCalcTests.swift in Sources */,
			);
			runOnlyForDeploymentPostprocessing = 0;
		};
/* End PBXSourcesBuildPhase section */

/* Begin PBXTargetDependency section */
		899DDEED19A57BE5007E8B72 /* PBXTargetDependency */ = {
			isa = PBXTargetDependency;
			target = 899DDED819A57BE5007E8B72 /* TipsCalc */;
			targetProxy = 899DDEEC19A57BE5007E8B72 /* PBXContainerItemProxy */;
		};
/* End PBXTargetDependency section */

/* Begin PBXVariantGroup section */
		899DDEE219A57BE5007E8B72 /* Main.storyboard */ = {
			isa = PBXVariantGroup;
			children = (
				899DDEE319A57BE5007E8B72 /* Base */,
			);
			name = Main.storyboard;
			sourceTree = "<group>";
		};
/* End PBXVariantGroup section */

/* Begin XCBuildConfiguration section */
		899DDEF319A57BE5007E8B72 /* Debug */ = {
			isa = XCBuildConfiguration;
			buildSettings = {
				ALWAYS_SEARCH_USER_PATHS = NO;
				CLANG_CXX_LANGUAGE_STANDARD = "gnu++0x";
				CLANG_CXX_LIBRARY = "libc++";
				CLANG_ENABLE_MODULES = YES;
				CLANG_ENABLE_OBJC_ARC = YES;
				CLANG_WARN_BOOL_CONVERSION = YES;
				CLANG_WARN_CONSTANT_CONVERSION = YES;
				CLANG_WARN_DIRECT_OBJC_ISA_USAGE = YES_ERROR;
				CLANG_WARN_EMPTY_BODY = YES;
				CLANG_WARN_ENUM_CONVERSION = YES;
				CLANG_WARN_INT_CONVERSION = YES;
				CLANG_WARN_OBJC_ROOT_CLASS = YES_ERROR;
				CLANG_WARN_UNREACHABLE_CODE = YES;
				CLANG_WARN__DUPLICATE_METHOD_MATCH = YES;
				"CODE_SIGN_IDENTITY[sdk=iphoneos*]" = "iPhone Developer";
				COPY_PHASE_STRIP = NO;
				ENABLE_STRICT_OBJC_MSGSEND = YES;
				GCC_C_LANGUAGE_STANDARD = gnu99;
				GCC_DYNAMIC_NO_PIC = NO;
				GCC_OPTIMIZATION_LEVEL = 0;
				GCC_PREPROCESSOR_DEFINITIONS = (
					"DEBUG=1",
					"$(inherited)",
				);
				GCC_SYMBOLS_PRIVATE_EXTERN = NO;
				GCC_WARN_64_TO_32_BIT_CONVERSION = YES;
				GCC_WARN_ABOUT_RETURN_TYPE = YES_ERROR;
				GCC_WARN_UNDECLARED_SELECTOR = YES;
				GCC_WARN_UNINITIALIZED_AUTOS = YES_AGGRESSIVE;
				GCC_WARN_UNUSED_FUNCTION = YES;
				GCC_WARN_UNUSED_VARIABLE = YES;
				IPHONEOS_DEPLOYMENT_TARGET = 7.1;
				MTL_ENABLE_DEBUG_INFO = YES;
				ONLY_ACTIVE_ARCH = YES;
				SDKROOT = iphoneos;
				"SWIFT_OBJC_BRIDGING_HEADER[arch=*]" = "";
				SWIFT_OPTIMIZATION_LEVEL = "-Onone";
			};
			name = Debug;
		};
		899DDEF419A57BE5007E8B72 /* Release */ = {
			isa = XCBuildConfiguration;
			buildSettings = {
				ALWAYS_SEARCH_USER_PATHS = NO;
				CLANG_CXX_LANGUAGE_STANDARD = "gnu++0x";
				CLANG_CXX_LIBRARY = "libc++";
				CLANG_ENABLE_MODULES = YES;
				CLANG_ENABLE_OBJC_ARC = YES;
				CLANG_WARN_BOOL_CONVERSION = YES;
				CLANG_WARN_CONSTANT_CONVERSION = YES;
				CLANG_WARN_DIRECT_OBJC_ISA_USAGE = YES_ERROR;
				CLANG_WARN_EMPTY_BODY = YES;
				CLANG_WARN_ENUM_CONVERSION = YES;
				CLANG_WARN_INT_CONVERSION = YES;
				CLANG_WARN_OBJC_ROOT_CLASS = YES_ERROR;
				CLANG_WARN_UNREACHABLE_CODE = YES;
				CLANG_WARN__DUPLICATE_METHOD_MATCH = YES;
				"CODE_SIGN_IDENTITY[sdk=iphoneos*]" = "iPhone Developer";
				COPY_PHASE_STRIP = YES;
				ENABLE_NS_ASSERTIONS = NO;
				ENABLE_STRICT_OBJC_MSGSEND = YES;
				GCC_C_LANGUAGE_STANDARD = gnu99;
				GCC_WARN_64_TO_32_BIT_CONVERSION = YES;
				GCC_WARN_ABOUT_RETURN_TYPE = YES_ERROR;
				GCC_WARN_UNDECLARED_SELECTOR = YES;
				GCC_WARN_UNINITIALIZED_AUTOS = YES_AGGRESSIVE;
				GCC_WARN_UNUSED_FUNCTION = YES;
				GCC_WARN_UNUSED_VARIABLE = YES;
				IPHONEOS_DEPLOYMENT_TARGET = 7.1;
				MTL_ENABLE_DEBUG_INFO = NO;
				SDKROOT = iphoneos;
				VALIDATE_PRODUCT = YES;
			};
			name = Release;
		};
		899DDEF619A57BE5007E8B72 /* Debug */ = {
			isa = XCBuildConfiguration;
			buildSettings = {
				ASSETCATALOG_COMPILER_APPICON_NAME = AppIcon;
				ASSETCATALOG_COMPILER_LAUNCHIMAGE_NAME = LaunchImage;
				INFOPLIST_FILE = TipsCalc/Info.plist;
				IPHONEOS_DEPLOYMENT_TARGET = 7.0;
				LD_RUNPATH_SEARCH_PATHS = "$(inherited) @executable_path/Frameworks";
				PRODUCT_NAME = "$(TARGET_NAME)";
			};
			name = Debug;
		};
		899DDEF719A57BE5007E8B72 /* Release */ = {
			isa = XCBuildConfiguration;
			buildSettings = {
				ASSETCATALOG_COMPILER_APPICON_NAME = AppIcon;
				ASSETCATALOG_COMPILER_LAUNCHIMAGE_NAME = LaunchImage;
				INFOPLIST_FILE = TipsCalc/Info.plist;
				IPHONEOS_DEPLOYMENT_TARGET = 7.0;
				LD_RUNPATH_SEARCH_PATHS = "$(inherited) @executable_path/Frameworks";
				PRODUCT_NAME = "$(TARGET_NAME)";
			};
			name = Release;
		};
		899DDEF919A57BE5007E8B72 /* Debug */ = {
			isa = XCBuildConfiguration;
			buildSettings = {
				BUNDLE_LOADER = "$(TEST_HOST)";
				FRAMEWORK_SEARCH_PATHS = (
					"$(SDKROOT)/Developer/Library/Frameworks",
					"$(inherited)",
				);
				GCC_PREPROCESSOR_DEFINITIONS = (
					"DEBUG=1",
					"$(inherited)",
				);
				INFOPLIST_FILE = TipsCalcTests/Info.plist;
				LD_RUNPATH_SEARCH_PATHS = "$(inherited) @executable_path/Frameworks @loader_path/Frameworks";
				PRODUCT_NAME = "$(TARGET_NAME)";
				TEST_HOST = "$(BUILT_PRODUCTS_DIR)/TipsCalc.app/TipsCalc";
			};
			name = Debug;
		};
		899DDEFA19A57BE5007E8B72 /* Release */ = {
			isa = XCBuildConfiguration;
			buildSettings = {
				BUNDLE_LOADER = "$(TEST_HOST)";
				FRAMEWORK_SEARCH_PATHS = (
					"$(SDKROOT)/Developer/Library/Frameworks",
					"$(inherited)",
				);
				INFOPLIST_FILE = TipsCalcTests/Info.plist;
				LD_RUNPATH_SEARCH_PATHS = "$(inherited) @executable_path/Frameworks @loader_path/Frameworks";
				PRODUCT_NAME = "$(TARGET_NAME)";
				TEST_HOST = "$(BUILT_PRODUCTS_DIR)/TipsCalc.app/TipsCalc";
			};
			name = Release;
		};
/* End XCBuildConfiguration section */

/* Begin XCConfigurationList section */
		899DDED419A57BE5007E8B72 /* Build configuration list for PBXProject "TipsCalc" */ = {
			isa = XCConfigurationList;
			buildConfigurations = (
				899DDEF319A57BE5007E8B72 /* Debug */,
				899DDEF419A57BE5007E8B72 /* Release */,
			);
			defaultConfigurationIsVisible = 0;
			defaultConfigurationName = Release;
		};
		899DDEF519A57BE5007E8B72 /* Build configuration list for PBXNativeTarget "TipsCalc" */ = {
			isa = XCConfigurationList;
			buildConfigurations = (
				899DDEF619A57BE5007E8B72 /* Debug */,
				899DDEF719A57BE5007E8B72 /* Release */,
			);
			defaultConfigurationIsVisible = 0;
			defaultConfigurationName = Release;
		};
		899DDEF819A57BE5007E8B72 /* Build configuration list for PBXNativeTarget "TipsCalcTests" */ = {
			isa = XCConfigurationList;
			buildConfigurations = (
				899DDEF919A57BE5007E8B72 /* Debug */,
				899DDEFA19A57BE5007E8B72 /* Release */,
			);
			defaultConfigurationIsVisible = 0;
			defaultConfigurationName = Release;
		};
/* End XCConfigurationList section */
	};
	rootObject = 899DDED119A57BE5007E8B72 /* Project object */;
}
